
Microsoft Visual Studio Solution File, Format Version 12.00
# Visual Studio Version 16
VisualStudioVersion = 16.0.810.6
MinimumVisualStudioVersion = 10.0.40219.1
Project("{FAE04EC0-301F-11D3-BF4B-00C04F79EFBC}") = "GitTest", "GitTest\GitTest.csproj", "{0F026ADD-1782-47E5-93DD-8B8316A47288}"
EndProject
Global
	GlobalSection(SolutionConfigurationPlatforms) = preSolution
		Debug|Any CPU = Debug|Any CPU
		Release|Any CPU = Release|Any CPU
	EndGlobalSection
	GlobalSection(ProjectConfigurationPlatforms) = postSolution
		{0F026ADD-1782-47E5-93DD-8B8316A47288}.Debug|Any CPU.ActiveCfg = Debug|Any CPU
		{0F026ADD-1782-47E5-93DD-8B8316A47288}.Debug|Any CPU.Build.0 = Debug|Any CPU
		{0F026ADD-1782-47E5-93DD-8B8316A47288}.Release|Any CPU.ActiveCfg = Release|Any CPU
		{0F026ADD-1782-47E5-93DD-8B8316A47288}.Release|Any CPU.Build.0 = Release|Any CPU
	EndGlobalSection
	GlobalSection(SolutionProperties) = preSolution
		HideSolutionNode = FALSE
	EndGlobalSection
	GlobalSection(ExtensibilityGlobals) = postSolution
		SolutionGuid = {3771A6E5-B9CF-444E-A8CE-8D8C729B4081}
	EndGlobalSection
EndGlobal
